
Microsoft Visual Studio Solution File, Format Version 12.00
# Visual Studio 15
VisualStudioVersion = 15.0.26403.7
MinimumVisualStudioVersion = 10.0.40219.1
Project("{FAE04EC0-301F-11D3-BF4B-00C04F79EFBC}") = "BlurTester", "BlurTester\BlurTester.csproj", "{CD148040-2E82-4BB2-98C7-666FCA1177AF}"
EndProject
Project("{FAE04EC0-301F-11D3-BF4B-00C04F79EFBC}") = "SuperfastBlur", "SuperfastBlur\SuperfastBlur.csproj", "{956AE992-662A-48C7-B079-890CA3E15A0B}"
EndProject
Project("{FAE04EC0-301F-11D3-BF4B-00C04F79EFBC}") = "Ivan", "WPF\Ivan.csproj", "{B2BCC279-9398-4D32-8392-C95D696594A8}"
EndProject
Global
	GlobalSection(SolutionConfigurationPlatforms) = preSolution
		Debug|Any CPU = Debug|Any CPU
		Release|Any CPU = Release|Any CPU
	EndGlobalSection
	GlobalSection(ProjectConfigurationPlatforms) = postSolution
		{CD148040-2E82-4BB2-98C7-666FCA1177AF}.Debug|Any CPU.ActiveCfg = Debug|Any CPU
		{CD148040-2E82-4BB2-98C7-666FCA1177AF}.Debug|Any CPU.Build.0 = Debug|Any CPU
		{CD148040-2E82-4BB2-98C7-666FCA1177AF}.Release|Any CPU.ActiveCfg = Release|Any CPU
		{CD148040-2E82-4BB2-98C7-666FCA1177AF}.Release|Any CPU.Build.0 = Release|Any CPU
		{956AE992-662A-48C7-B079-890CA3E15A0B}.Debug|Any CPU.ActiveCfg = Debug|Any CPU
		{956AE992-662A-48C7-B079-890CA3E15A0B}.Debug|Any CPU.Build.0 = Debug|Any CPU
		{956AE992-662A-48C7-B079-890CA3E15A0B}.Release|Any CPU.ActiveCfg = Release|Any CPU
		{956AE992-662A-48C7-B079-890CA3E15A0B}.Release|Any CPU.Build.0 = Release|Any CPU
		{B2BCC279-9398-4D32-8392-C95D696594A8}.Debug|Any CPU.ActiveCfg = Debug|Any CPU
		{B2BCC279-9398-4D32-8392-C95D696594A8}.Debug|Any CPU.Build.0 = Debug|Any CPU
		{B2BCC279-9398-4D32-8392-C95D696594A8}.Release|Any CPU.ActiveCfg = Release|Any CPU
		{B2BCC279-9398-4D32-8392-C95D696594A8}.Release|Any CPU.Build.0 = Release|Any CPU
	EndGlobalSection
	GlobalSection(SolutionProperties) = preSolution
		HideSolutionNode = FALSE
	EndGlobalSection
EndGlobal
